
Microsoft Visual Studio Solution File, Format Version 12.00
# Visual Studio Version 17
VisualStudioVersion = 17.11.35327.3
MinimumVisualStudioVersion = 10.0.40219.1
Project("{FAE04EC0-301F-11D3-BF4B-00C04F79EFBC}") = "homework1", "homework1\homework1.csproj", "{DCB18FDE-3025-4BF9-A602-751564DF6870}"
EndProject
Global
	GlobalSection(SolutionConfigurationPlatforms) = preSolution
		Debug|Any CPU = Debug|Any CPU
		Release|Any CPU = Release|Any CPU
	EndGlobalSection
	GlobalSection(ProjectConfigurationPlatforms) = postSolution
		{DCB18FDE-3025-4BF9-A602-751564DF6870}.Debug|Any CPU.ActiveCfg = Debug|Any CPU
		{DCB18FDE-3025-4BF9-A602-751564DF6870}.Debug|Any CPU.Build.0 = Debug|Any CPU
		{DCB18FDE-3025-4BF9-A602-751564DF6870}.Release|Any CPU.ActiveCfg = Release|Any CPU
		{DCB18FDE-3025-4BF9-A602-751564DF6870}.Release|Any CPU.Build.0 = Release|Any CPU
	EndGlobalSection
	GlobalSection(SolutionProperties) = preSolution
		HideSolutionNode = FALSE
	EndGlobalSection
	GlobalSection(ExtensibilityGlobals) = postSolution
		SolutionGuid = {4FF0D625-AC32-4907-8A93-C12EC2A87398}
	EndGlobalSection
EndGlobal
